
Microsoft Visual Studio Solution File, Format Version 12.00
# Visual Studio Version 16
VisualStudioVersion = 16.0.31205.134
MinimumVisualStudioVersion = 10.0.40219.1
Project("{9A19103F-16F7-4668-BE54-9A1E7A4F7556}") = "HW1", "HW1\HW1.csproj", "{50F793FC-2E03-4F9A-912A-127F49D2774F}"
EndProject
Project("{FAE04EC0-301F-11D3-BF4B-00C04F79EFBC}") = "HW2", "HW2\HW2.csproj", "{0F318075-A0F0-48E0-B562-6ECD774251B8}"
EndProject
Global
	GlobalSection(SolutionConfigurationPlatforms) = preSolution
		Debug|Any CPU = Debug|Any CPU
		Release|Any CPU = Release|Any CPU
	EndGlobalSection
	GlobalSection(ProjectConfigurationPlatforms) = postSolution
		{50F793FC-2E03-4F9A-912A-127F49D2774F}.Debug|Any CPU.ActiveCfg = Debug|Any CPU
		{50F793FC-2E03-4F9A-912A-127F49D2774F}.Debug|Any CPU.Build.0 = Debug|Any CPU
		{50F793FC-2E03-4F9A-912A-127F49D2774F}.Release|Any CPU.ActiveCfg = Release|Any CPU
		{50F793FC-2E03-4F9A-912A-127F49D2774F}.Release|Any CPU.Build.0 = Release|Any CPU
		{0F318075-A0F0-48E0-B562-6ECD774251B8}.Debug|Any CPU.ActiveCfg = Debug|Any CPU
		{0F318075-A0F0-48E0-B562-6ECD774251B8}.Debug|Any CPU.Build.0 = Debug|Any CPU
		{0F318075-A0F0-48E0-B562-6ECD774251B8}.Release|Any CPU.ActiveCfg = Release|Any CPU
		{0F318075-A0F0-48E0-B562-6ECD774251B8}.Release|Any CPU.Build.0 = Release|Any CPU
	EndGlobalSection
	GlobalSection(SolutionProperties) = preSolution
		HideSolutionNode = FALSE
	EndGlobalSection
	GlobalSection(ExtensibilityGlobals) = postSolution
		SolutionGuid = {53C9AE73-EB4E-4A1E-8760-BF3A91D316A6}
	EndGlobalSection
EndGlobal
