
Microsoft Visual Studio Solution File, Format Version 12.00
# Visual Studio Version 16
VisualStudioVersion = 16.0.31205.134
MinimumVisualStudioVersion = 10.0.40219.1
Project("{9A19103F-16F7-4668-BE54-9A1E7A4F7556}") = "HW1", "HW1\HW1.csproj", "{F62DF559-5E5D-4498-859C-02389826C41C}"
EndProject
Project("{9A19103F-16F7-4668-BE54-9A1E7A4F7556}") = "Practice_001", "Practice_001\Practice_001.csproj", "{B4FB1B4A-0CBA-4F51-ADA1-41CC7969828B}"
EndProject
Project("{FAE04EC0-301F-11D3-BF4B-00C04F79EFBC}") = "Practice_002", "Practice_002\Practice_002.csproj", "{7EDE69DF-19DA-4F2C-BFD6-662F2C0EB993}"
EndProject
Global
	GlobalSection(SolutionConfigurationPlatforms) = preSolution
		Debug|Any CPU = Debug|Any CPU
		Release|Any CPU = Release|Any CPU
	EndGlobalSection
	GlobalSection(ProjectConfigurationPlatforms) = postSolution
		{F62DF559-5E5D-4498-859C-02389826C41C}.Debug|Any CPU.ActiveCfg = Debug|Any CPU
		{F62DF559-5E5D-4498-859C-02389826C41C}.Debug|Any CPU.Build.0 = Debug|Any CPU
		{F62DF559-5E5D-4498-859C-02389826C41C}.Release|Any CPU.ActiveCfg = Release|Any CPU
		{F62DF559-5E5D-4498-859C-02389826C41C}.Release|Any CPU.Build.0 = Release|Any CPU
		{B4FB1B4A-0CBA-4F51-ADA1-41CC7969828B}.Debug|Any CPU.ActiveCfg = Debug|Any CPU
		{B4FB1B4A-0CBA-4F51-ADA1-41CC7969828B}.Debug|Any CPU.Build.0 = Debug|Any CPU
		{B4FB1B4A-0CBA-4F51-ADA1-41CC7969828B}.Release|Any CPU.ActiveCfg = Release|Any CPU
		{B4FB1B4A-0CBA-4F51-ADA1-41CC7969828B}.Release|Any CPU.Build.0 = Release|Any CPU
		{7EDE69DF-19DA-4F2C-BFD6-662F2C0EB993}.Debug|Any CPU.ActiveCfg = Debug|Any CPU
		{7EDE69DF-19DA-4F2C-BFD6-662F2C0EB993}.Debug|Any CPU.Build.0 = Debug|Any CPU
		{7EDE69DF-19DA-4F2C-BFD6-662F2C0EB993}.Release|Any CPU.ActiveCfg = Release|Any CPU
		{7EDE69DF-19DA-4F2C-BFD6-662F2C0EB993}.Release|Any CPU.Build.0 = Release|Any CPU
	EndGlobalSection
	GlobalSection(SolutionProperties) = preSolution
		HideSolutionNode = FALSE
	EndGlobalSection
	GlobalSection(ExtensibilityGlobals) = postSolution
		SolutionGuid = {9D55143C-5DD7-4AD7-82D8-EE83ED606389}
	EndGlobalSection
EndGlobal
