
Microsoft Visual Studio Solution File, Format Version 12.00
# Visual Studio Version 16
VisualStudioVersion = 16.0.31205.134
MinimumVisualStudioVersion = 10.0.40219.1
Project("{9A19103F-16F7-4668-BE54-9A1E7A4F7556}") = "HW-07-new", "HW-07-new\HW-07-new.csproj", "{0AB934BB-A1C8-491D-927D-50DD3FF1FE5B}"
EndProject
Global
	GlobalSection(SolutionConfigurationPlatforms) = preSolution
		Debug|Any CPU = Debug|Any CPU
		Release|Any CPU = Release|Any CPU
	EndGlobalSection
	GlobalSection(ProjectConfigurationPlatforms) = postSolution
		{0AB934BB-A1C8-491D-927D-50DD3FF1FE5B}.Debug|Any CPU.ActiveCfg = Debug|Any CPU
		{0AB934BB-A1C8-491D-927D-50DD3FF1FE5B}.Debug|Any CPU.Build.0 = Debug|Any CPU
		{0AB934BB-A1C8-491D-927D-50DD3FF1FE5B}.Release|Any CPU.ActiveCfg = Release|Any CPU
		{0AB934BB-A1C8-491D-927D-50DD3FF1FE5B}.Release|Any CPU.Build.0 = Release|Any CPU
	EndGlobalSection
	GlobalSection(SolutionProperties) = preSolution
		HideSolutionNode = FALSE
	EndGlobalSection
	GlobalSection(ExtensibilityGlobals) = postSolution
		SolutionGuid = {85FB7F71-A7AE-4877-ACEA-BB33296A4F18}
	EndGlobalSection
EndGlobal
